
Microsoft Visual Studio Solution File, Format Version 12.00
# Visual Studio Version 16
VisualStudioVersion = 16.0.30503.244
MinimumVisualStudioVersion = 10.0.40219.1
Project("{FAE04EC0-301F-11D3-BF4B-00C04F79EFBC}") = "SignPage_AmitHarit", "SignPage_AmitHarit\SignPage_AmitHarit.csproj", "{87D71740-FF41-4581-9CA3-86E89B38184D}"
EndProject
Global
	GlobalSection(SolutionConfigurationPlatforms) = preSolution
		Debug|Any CPU = Debug|Any CPU
		Release|Any CPU = Release|Any CPU
	EndGlobalSection
	GlobalSection(ProjectConfigurationPlatforms) = postSolution
		{87D71740-FF41-4581-9CA3-86E89B38184D}.Debug|Any CPU.ActiveCfg = Debug|Any CPU
		{87D71740-FF41-4581-9CA3-86E89B38184D}.Debug|Any CPU.Build.0 = Debug|Any CPU
		{87D71740-FF41-4581-9CA3-86E89B38184D}.Release|Any CPU.ActiveCfg = Release|Any CPU
		{87D71740-FF41-4581-9CA3-86E89B38184D}.Release|Any CPU.Build.0 = Release|Any CPU
	EndGlobalSection
	GlobalSection(SolutionProperties) = preSolution
		HideSolutionNode = FALSE
	EndGlobalSection
	GlobalSection(ExtensibilityGlobals) = postSolution
		SolutionGuid = {7A956EF1-96DE-4775-863E-C2F406C910FB}
	EndGlobalSection
EndGlobal
